{
  "name": "database",
  "version": "1.0.0",
  "lockfileVersion": 3,
  "requires": true,
  "packages": {
    "": {
      "name": "database",
      "version": "1.0.0",
      "license": "ISC",
      "dependencies": {
        "@prisma/client": "^7.9.1"
      }
    },
    "node_modules/@prisma/client": {
      "version": "7.9.1",
      "resolved": "https://registry.npmjs.org/@prisma/client/-/client-7.9.1.tgz",
      "integrity": "sha512-+xgrh2EhJVF79wC0yX5G4PI1Rdcm7Qn/nekNQ+t/O153wtNggruHal+fXHSa0QE+Tp/Cw5wvxeCEhZZ59xGm8Q==",
      "license": "Apache-2.0",
      "dependencies": {
        "@prisma/client-runtime-utils": "7.9.1"
      },
      "engines": {
        "node": "^20.19 || ^22.12 || >=24.0"
      },
      "peerDependencies": {
        "prisma": "*",
        "typescript": ">=5.4.0"
      },
      "peerDependenciesMeta": {
        "prisma": {
          "optional": true
        },
        "typescript": {
          "optional": true
        }
      }
    },
    "node_modules/@prisma/client-runtime-utils": {
      "version": "7.9.1",
      "resolved": "https://registry.npmjs.org/@prisma/client-runtime-utils/-/client-runtime-utils-7.9.1.tgz",
      "integrity": "sha512-mVIBGYdO5CFmK0HvjxrtfIyQQcPdb88pSCeVQriVQPVZyDovIWblpHfOgcS8QO187j3QF0ePArH8qPhp0AU2vg==",
      "license": "Apache-2.0"
    }
  }
}
